
Microsoft Visual Studio Solution File, Format Version 12.00
# Visual Studio Version 17
VisualStudioVersion = 17.4.33205.214
MinimumVisualStudioVersion = 10.0.40219.1
Project("{FAE04EC0-301F-11D3-BF4B-00C04F79EFBC}") = "OficinaV2", "OficinaV2\OficinaV2.csproj", "{68472BFD-7DC4-47B1-9664-9C10099D2507}"
EndProject
Global
	GlobalSection(SolutionConfigurationPlatforms) = preSolution
		Debug|Any CPU = Debug|Any CPU
		Release|Any CPU = Release|Any CPU
	EndGlobalSection
	GlobalSection(ProjectConfigurationPlatforms) = postSolution
		{68472BFD-7DC4-47B1-9664-9C10099D2507}.Debug|Any CPU.ActiveCfg = Debug|Any CPU
		{68472BFD-7DC4-47B1-9664-9C10099D2507}.Debug|Any CPU.Build.0 = Debug|Any CPU
		{68472BFD-7DC4-47B1-9664-9C10099D2507}.Release|Any CPU.ActiveCfg = Release|Any CPU
		{68472BFD-7DC4-47B1-9664-9C10099D2507}.Release|Any CPU.Build.0 = Release|Any CPU
	EndGlobalSection
	GlobalSection(SolutionProperties) = preSolution
		HideSolutionNode = FALSE
	EndGlobalSection
	GlobalSection(ExtensibilityGlobals) = postSolution
		SolutionGuid = {49724640-C474-4D34-A94A-C3463784285B}
	EndGlobalSection
EndGlobal
